// !$*UTF8*$!
{
	archiveVersion = 1;
	classes = {
	};
	objectVersion = 56;
	objects = {

/* Begin PBXBuildFile section */
		3E2C080A2BEE38B1007AC0BD /* AnasayfaViewModel.swift in Sources */ = {isa = PBXBuildFile; fileRef = 3E2C08092BEE38B1007AC0BD /* AnasayfaViewModel.swift */; };
		3E2C080D2BEE38C9007AC0BD /* KisiEkleViewModel.swift in Sources */ = {isa = PBXBuildFile; fileRef = 3E2C080C2BEE38C9007AC0BD /* KisiEkleViewModel.swift */; };
		3E2C080F2BEE38D9007AC0BD /* KisiDetayViewModel.swift in Sources */ = {isa = PBXBuildFile; fileRef = 3E2C080E2BEE38D9007AC0BD /* KisiDetayViewModel.swift */; };
		3E2C08132BEE6F59007AC0BD /* CRUD.swift in Sources */ = {isa = PBXBuildFile; fileRef = 3E2C08122BEE6F59007AC0BD /* CRUD.swift */; };
		3E2E74F42BEE0EFF0004DC7B /* KisilerUygulamasiApp.swift in Sources */ = {isa = PBXBuildFile; fileRef = 3E2E74F32BEE0EFF0004DC7B /* KisilerUygulamasiApp.swift */; };
		3E2E74F62BEE0EFF0004DC7B /* Anasayfa.swift in Sources */ = {isa = PBXBuildFile; fileRef = 3E2E74F52BEE0EFF0004DC7B /* Anasayfa.swift */; };
		3E2E74F82BEE0F000004DC7B /* Assets.xcassets in Resources */ = {isa = PBXBuildFile; fileRef = 3E2E74F72BEE0F000004DC7B /* Assets.xcassets */; };
		3E2E74FB2BEE0F000004DC7B /* Preview Assets.xcassets in Resources */ = {isa = PBXBuildFile; fileRef = 3E2E74FA2BEE0F000004DC7B /* Preview Assets.xcassets */; };
		3E2E75022BEE13650004DC7B /* KisiEkle.swift in Sources */ = {isa = PBXBuildFile; fileRef = 3E2E75012BEE13650004DC7B /* KisiEkle.swift */; };
		3E2E75042BEE13740004DC7B /* KisiDetay.swift in Sources */ = {isa = PBXBuildFile; fileRef = 3E2E75032BEE13740004DC7B /* KisiDetay.swift */; };
		3E2E75062BEE13900004DC7B /* KisiItem.swift in Sources */ = {isa = PBXBuildFile; fileRef = 3E2E75052BEE13900004DC7B /* KisiItem.swift */; };
		3E2E75082BEE13A50004DC7B /* Kisi.swift in Sources */ = {isa = PBXBuildFile; fileRef = 3E2E75072BEE13A50004DC7B /* Kisi.swift */; };
/* End PBXBuildFile section */

/* Begin PBXFileReference section */
		3E2C08092BEE38B1007AC0BD /* AnasayfaViewModel.swift */ = {isa = PBXFileReference; lastKnownFileType = sourcecode.swift; path = AnasayfaViewModel.swift; sourceTree = "<group>"; };
		3E2C080C2BEE38C9007AC0BD /* KisiEkleViewModel.swift */ = {isa = PBXFileReference; lastKnownFileType = sourcecode.swift; path = KisiEkleViewModel.swift; sourceTree = "<group>"; };
		3E2C080E2BEE38D9007AC0BD /* KisiDetayViewModel.swift */ = {isa = PBXFileReference; lastKnownFileType = sourcecode.swift; path = KisiDetayViewModel.swift; sourceTree = "<group>"; };
		3E2C08102BEE5E30007AC0BD /* Info.plist */ = {isa = PBXFileReference; lastKnownFileType = text.plist; path = Info.plist; sourceTree = "<group>"; };
		3E2C08122BEE6F59007AC0BD /* CRUD.swift */ = {isa = PBXFileReference; lastKnownFileType = sourcecode.swift; path = CRUD.swift; sourceTree = "<group>"; };
		3E2E74F02BEE0EFF0004DC7B /* KisilerUygulamasi.app */ = {isa = PBXFileReference; explicitFileType = wrapper.application; includeInIndex = 0; path = KisilerUygulamasi.app; sourceTree = BUILT_PRODUCTS_DIR; };
		3E2E74F32BEE0EFF0004DC7B /* KisilerUygulamasiApp.swift */ = {isa = PBXFileReference; lastKnownFileType = sourcecode.swift; path = KisilerUygulamasiApp.swift; sourceTree = "<group>"; };
		3E2E74F52BEE0EFF0004DC7B /* Anasayfa.swift */ = {isa = PBXFileReference; lastKnownFileType = sourcecode.swift; path = Anasayfa.swift; sourceTree = "<group>"; };
		3E2E74F72BEE0F000004DC7B /* Assets.xcassets */ = {isa = PBXFileReference; lastKnownFileType = folder.assetcatalog; path = Assets.xcassets; sourceTree = "<group>"; };
		3E2E74FA2BEE0F000004DC7B /* Preview Assets.xcassets */ = {isa = PBXFileReference; lastKnownFileType = folder.assetcatalog; path = "Preview Assets.xcassets"; sourceTree = "<group>"; };
		3E2E75012BEE13650004DC7B /* KisiEkle.swift */ = {isa = PBXFileReference; lastKnownFileType = sourcecode.swift; path = KisiEkle.swift; sourceTree = "<group>"; };
		3E2E75032BEE13740004DC7B /* KisiDetay.swift */ = {isa = PBXFileReference; lastKnownFileType = sourcecode.swift; path = KisiDetay.swift; sourceTree = "<group>"; };
		3E2E75052BEE13900004DC7B /* KisiItem.swift */ = {isa = PBXFileReference; lastKnownFileType = sourcecode.swift; path = KisiItem.swift; sourceTree = "<group>"; };
		3E2E75072BEE13A50004DC7B /* Kisi.swift */ = {isa = PBXFileReference; lastKnownFileType = sourcecode.swift; path = Kisi.swift; sourceTree = "<group>"; };
/* End PBXFileReference section */

/* Begin PBXFrameworksBuildPhase section */
		3E2E74ED2BEE0EFF0004DC7B /* Frameworks */ = {
			isa = PBXFrameworksBuildPhase;
			buildActionMask = 2147483647;
			files = (
			);
			runOnlyForDeploymentPostprocessing = 0;
		};
/* End PBXFrameworksBuildPhase section */

/* Begin PBXGroup section */
		3E2C08032BEE35C7007AC0BD /* ui */ = {
			isa = PBXGroup;
			children = (
				3E2C08072BEE35F9007AC0BD /* list */,
				3E2C08062BEE35E6007AC0BD /* view */,
			);
			path = ui;
			sourceTree = "<group>";
		};
		3E2C08042BEE35CE007AC0BD /* data */ = {
			isa = PBXGroup;
			children = (
				3E2C08112BEE6F4C007AC0BD /* crud */,
				3E2C08052BEE35D4007AC0BD /* entity */,
			);
			path = data;
			sourceTree = "<group>";
		};
		3E2C08052BEE35D4007AC0BD /* entity */ = {
			isa = PBXGroup;
			children = (
				3E2E75072BEE13A50004DC7B /* Kisi.swift */,
			);
			path = entity;
			sourceTree = "<group>";
		};
		3E2C08062BEE35E6007AC0BD /* view */ = {
			isa = PBXGroup;
			children = (
				3E2C08082BEE389C007AC0BD /* models */,
				3E2E74F52BEE0EFF0004DC7B /* Anasayfa.swift */,
				3E2E75012BEE13650004DC7B /* KisiEkle.swift */,
				3E2E75032BEE13740004DC7B /* KisiDetay.swift */,
			);
			path = view;
			sourceTree = "<group>";
		};
		3E2C08072BEE35F9007AC0BD /* list */ = {
			isa = PBXGroup;
			children = (
				3E2E75052BEE13900004DC7B /* KisiItem.swift */,
			);
			path = list;
			sourceTree = "<group>";
		};
		3E2C08082BEE389C007AC0BD /* models */ = {
			isa = PBXGroup;
			children = (
				3E2C08092BEE38B1007AC0BD /* AnasayfaViewModel.swift */,
				3E2C080C2BEE38C9007AC0BD /* KisiEkleViewModel.swift */,
				3E2C080E2BEE38D9007AC0BD /* KisiDetayViewModel.swift */,
			);
			path = models;
			sourceTree = "<group>";
		};
		3E2C08112BEE6F4C007AC0BD /* crud */ = {
			isa = PBXGroup;
			children = (
				3E2C08122BEE6F59007AC0BD /* CRUD.swift */,
			);
			path = crud;
			sourceTree = "<group>";
		};
		3E2E74E72BEE0EFF0004DC7B = {
			isa = PBXGroup;
			children = (
				3E2E74F22BEE0EFF0004DC7B /* KisilerUygulamasi */,
				3E2E74F12BEE0EFF0004DC7B /* Products */,
			);
			sourceTree = "<group>";
		};
		3E2E74F12BEE0EFF0004DC7B /* Products */ = {
			isa = PBXGroup;
			children = (
				3E2E74F02BEE0EFF0004DC7B /* KisilerUygulamasi.app */,
			);
			name = Products;
			sourceTree = "<group>";
		};
		3E2E74F22BEE0EFF0004DC7B /* KisilerUygulamasi */ = {
			isa = PBXGroup;
			children = (
				3E2C08102BEE5E30007AC0BD /* Info.plist */,
				3E2C08042BEE35CE007AC0BD /* data */,
				3E2C08032BEE35C7007AC0BD /* ui */,
				3E2E74F32BEE0EFF0004DC7B /* KisilerUygulamasiApp.swift */,
				3E2E74F72BEE0F000004DC7B /* Assets.xcassets */,
				3E2E74F92BEE0F000004DC7B /* Preview Content */,
			);
			path = KisilerUygulamasi;
			sourceTree = "<group>";
		};
		3E2E74F92BEE0F000004DC7B /* Preview Content */ = {
			isa = PBXGroup;
			children = (
				3E2E74FA2BEE0F000004DC7B /* Preview Assets.xcassets */,
			);
			path = "Preview Content";
			sourceTree = "<group>";
		};
/* End PBXGroup section */

/* Begin PBXNativeTarget section */
		3E2E74EF2BEE0EFF0004DC7B /* KisilerUygulamasi */ = {
			isa = PBXNativeTarget;
			buildConfigurationList = 3E2E74FE2BEE0F000004DC7B /* Build configuration list for PBXNativeTarget "KisilerUygulamasi" */;
			buildPhases = (
				3E2E74EC2BEE0EFF0004DC7B /* Sources */,
				3E2E74ED2BEE0EFF0004DC7B /* Frameworks */,
				3E2E74EE2BEE0EFF0004DC7B /* Resources */,
			);
			buildRules = (
			);
			dependencies = (
			);
			name = KisilerUygulamasi;
			productName = KisilerUygulamasi;
			productReference = 3E2E74F02BEE0EFF0004DC7B /* KisilerUygulamasi.app */;
			productType = "com.apple.product-type.application";
		};
/* End PBXNativeTarget section */

/* Begin PBXProject section */
		3E2E74E82BEE0EFF0004DC7B /* Project object */ = {
			isa = PBXProject;
			attributes = {
				BuildIndependentTargetsInParallel = 1;
				LastSwiftUpdateCheck = 1530;
				LastUpgradeCheck = 1530;
				TargetAttributes = {
					3E2E74EF2BEE0EFF0004DC7B = {
						CreatedOnToolsVersion = 15.3;
					};
				};
			};
			buildConfigurationList = 3E2E74EB2BEE0EFF0004DC7B /* Build configuration list for PBXProject "KisilerUygulamasi" */;
			compatibilityVersion = "Xcode 14.0";
			developmentRegion = en;
			hasScannedForEncodings = 0;
			knownRegions = (
				en,
				Base,
			);
			mainGroup = 3E2E74E72BEE0EFF0004DC7B;
			productRefGroup = 3E2E74F12BEE0EFF0004DC7B /* Products */;
			projectDirPath = "";
			projectRoot = "";
			targets = (
				3E2E74EF2BEE0EFF0004DC7B /* KisilerUygulamasi */,
			);
		};
/* End PBXProject section */

/* Begin PBXResourcesBuildPhase section */
		3E2E74EE2BEE0EFF0004DC7B /* Resources */ = {
			isa = PBXResourcesBuildPhase;
			buildActionMask = 2147483647;
			files = (
				3E2E74FB2BEE0F000004DC7B /* Preview Assets.xcassets in Resources */,
				3E2E74F82BEE0F000004DC7B /* Assets.xcassets in Resources */,
			);
			runOnlyForDeploymentPostprocessing = 0;
		};
/* End PBXResourcesBuildPhase section */

/* Begin PBXSourcesBuildPhase section */
		3E2E74EC2BEE0EFF0004DC7B /* Sources */ = {
			isa = PBXSourcesBuildPhase;
			buildActionMask = 2147483647;
			files = (
				3E2E74F62BEE0EFF0004DC7B /* Anasayfa.swift in Sources */,
				3E2E75042BEE13740004DC7B /* KisiDetay.swift in Sources */,
				3E2C080A2BEE38B1007AC0BD /* AnasayfaViewModel.swift in Sources */,
				3E2E75062BEE13900004DC7B /* KisiItem.swift in Sources */,
				3E2E74F42BEE0EFF0004DC7B /* KisilerUygulamasiApp.swift in Sources */,
				3E2E75022BEE13650004DC7B /* KisiEkle.swift in Sources */,
				3E2E75082BEE13A50004DC7B /* Kisi.swift in Sources */,
				3E2C080D2BEE38C9007AC0BD /* KisiEkleViewModel.swift in Sources */,
				3E2C080F2BEE38D9007AC0BD /* KisiDetayViewModel.swift in Sources */,
				3E2C08132BEE6F59007AC0BD /* CRUD.swift in Sources */,
			);
			runOnlyForDeploymentPostprocessing = 0;
		};
/* End PBXSourcesBuildPhase section */

/* Begin XCBuildConfiguration section */
		3E2E74FC2BEE0F000004DC7B /* Debug */ = {
			isa = XCBuildConfiguration;
			buildSettings = {
				ALWAYS_SEARCH_USER_PATHS = NO;
				ASSETCATALOG_COMPILER_GENERATE_SWIFT_ASSET_SYMBOL_EXTENSIONS = YES;
				CLANG_ANALYZER_NONNULL = YES;
				CLANG_ANALYZER_NUMBER_OBJECT_CONVERSION = YES_AGGRESSIVE;
				CLANG_CXX_LANGUAGE_STANDARD = "gnu++20";
				CLANG_ENABLE_MODULES = YES;
				CLANG_ENABLE_OBJC_ARC = YES;
				CLANG_ENABLE_OBJC_WEAK = YES;
				CLANG_WARN_BLOCK_CAPTURE_AUTORELEASING = YES;
				CLANG_WARN_BOOL_CONVERSION = YES;
				CLANG_WARN_COMMA = YES;
				CLANG_WARN_CONSTANT_CONVERSION = YES;
				CLANG_WARN_DEPRECATED_OBJC_IMPLEMENTATIONS = YES;
				CLANG_WARN_DIRECT_OBJC_ISA_USAGE = YES_ERROR;
				CLANG_WARN_DOCUMENTATION_COMMENTS = YES;
				CLANG_WARN_EMPTY_BODY = YES;
				CLANG_WARN_ENUM_CONVERSION = YES;
				CLANG_WARN_INFINITE_RECURSION = YES;
				CLANG_WARN_INT_CONVERSION = YES;
				CLANG_WARN_NON_LITERAL_NULL_CONVERSION = YES;
				CLANG_WARN_OBJC_IMPLICIT_RETAIN_SELF = YES;
				CLANG_WARN_OBJC_LITERAL_CONVERSION = YES;
				CLANG_WARN_OBJC_ROOT_CLASS = YES_ERROR;
				CLANG_WARN_QUOTED_INCLUDE_IN_FRAMEWORK_HEADER = YES;
				CLANG_WARN_RANGE_LOOP_ANALYSIS = YES;
				CLANG_WARN_STRICT_PROTOTYPES = YES;
				CLANG_WARN_SUSPICIOUS_MOVE = YES;
				CLANG_WARN_UNGUARDED_AVAILABILITY = YES_AGGRESSIVE;
				CLANG_WARN_UNREACHABLE_CODE = YES;
				CLANG_WARN__DUPLICATE_METHOD_MATCH = YES;
				COPY_PHASE_STRIP = NO;
				DEBUG_INFORMATION_FORMAT = dwarf;
				ENABLE_STRICT_OBJC_MSGSEND = YES;
				ENABLE_TESTABILITY = YES;
				ENABLE_USER_SCRIPT_SANDBOXING = YES;
				GCC_C_LANGUAGE_STANDARD = gnu17;
				GCC_DYNAMIC_NO_PIC = NO;
				GCC_NO_COMMON_BLOCKS = YES;
				GCC_OPTIMIZATION_LEVEL = 0;
				GCC_PREPROCESSOR_DEFINITIONS = (
					"DEBUG=1",
					"$(inherited)",
				);
				GCC_WARN_64_TO_32_BIT_CONVERSION = YES;
				GCC_WARN_ABOUT_RETURN_TYPE = YES_ERROR;
				GCC_WARN_UNDECLARED_SELECTOR = YES;
				GCC_WARN_UNINITIALIZED_AUTOS = YES_AGGRESSIVE;
				GCC_WARN_UNUSED_FUNCTION = YES;
				GCC_WARN_UNUSED_VARIABLE = YES;
				IPHONEOS_DEPLOYMENT_TARGET = 17.4;
				LOCALIZATION_PREFERS_STRING_CATALOGS = YES;
				MTL_ENABLE_DEBUG_INFO = INCLUDE_SOURCE;
				MTL_FAST_MATH = YES;
				ONLY_ACTIVE_ARCH = YES;
				SDKROOT = iphoneos;
				SWIFT_ACTIVE_COMPILATION_CONDITIONS = "DEBUG $(inherited)";
				SWIFT_OPTIMIZATION_LEVEL = "-Onone";
			};
			name = Debug;
		};
		3E2E74FD2BEE0F000004DC7B /* Release */ = {
			isa = XCBuildConfiguration;
			buildSettings = {
				ALWAYS_SEARCH_USER_PATHS = NO;
				ASSETCATALOG_COMPILER_GENERATE_SWIFT_ASSET_SYMBOL_EXTENSIONS = YES;
				CLANG_ANALYZER_NONNULL = YES;
				CLANG_ANALYZER_NUMBER_OBJECT_CONVERSION = YES_AGGRESSIVE;
				CLANG_CXX_LANGUAGE_STANDARD = "gnu++20";
				CLANG_ENABLE_MODULES = YES;
				CLANG_ENABLE_OBJC_ARC = YES;
				CLANG_ENABLE_OBJC_WEAK = YES;
				CLANG_WARN_BLOCK_CAPTURE_AUTORELEASING = YES;
				CLANG_WARN_BOOL_CONVERSION = YES;
				CLANG_WARN_COMMA = YES;
				CLANG_WARN_CONSTANT_CONVERSION = YES;
				CLANG_WARN_DEPRECATED_OBJC_IMPLEMENTATIONS = YES;
				CLANG_WARN_DIRECT_OBJC_ISA_USAGE = YES_ERROR;
				CLANG_WARN_DOCUMENTATION_COMMENTS = YES;
				CLANG_WARN_EMPTY_BODY = YES;
				CLANG_WARN_ENUM_CONVERSION = YES;
				CLANG_WARN_INFINITE_RECURSION = YES;
				CLANG_WARN_INT_CONVERSION = YES;
				CLANG_WARN_NON_LITERAL_NULL_CONVERSION = YES;
				CLANG_WARN_OBJC_IMPLICIT_RETAIN_SELF = YES;
				CLANG_WARN_OBJC_LITERAL_CONVERSION = YES;
				CLANG_WARN_OBJC_ROOT_CLASS = YES_ERROR;
				CLANG_WARN_QUOTED_INCLUDE_IN_FRAMEWORK_HEADER = YES;
				CLANG_WARN_RANGE_LOOP_ANALYSIS = YES;
				CLANG_WARN_STRICT_PROTOTYPES = YES;
				CLANG_WARN_SUSPICIOUS_MOVE = YES;
				CLANG_WARN_UNGUARDED_AVAILABILITY = YES_AGGRESSIVE;
				CLANG_WARN_UNREACHABLE_CODE = YES;
				CLANG_WARN__DUPLICATE_METHOD_MATCH = YES;
				COPY_PHASE_STRIP = NO;
				DEBUG_INFORMATION_FORMAT = "dwarf-with-dsym";
				ENABLE_NS_ASSERTIONS = NO;
				ENABLE_STRICT_OBJC_MSGSEND = YES;
				ENABLE_USER_SCRIPT_SANDBOXING = YES;
				GCC_C_LANGUAGE_STANDARD = gnu17;
				GCC_NO_COMMON_BLOCKS = YES;
				GCC_WARN_64_TO_32_BIT_CONVERSION = YES;
				GCC_WARN_ABOUT_RETURN_TYPE = YES_ERROR;
				GCC_WARN_UNDECLARED_SELECTOR = YES;
				GCC_WARN_UNINITIALIZED_AUTOS = YES_AGGRESSIVE;
				GCC_WARN_UNUSED_FUNCTION = YES;
				GCC_WARN_UNUSED_VARIABLE = YES;
				IPHONEOS_DEPLOYMENT_TARGET = 17.4;
				LOCALIZATION_PREFERS_STRING_CATALOGS = YES;
				MTL_ENABLE_DEBUG_INFO = NO;
				MTL_FAST_MATH = YES;
				SDKROOT = iphoneos;
				SWIFT_COMPILATION_MODE = wholemodule;
				VALIDATE_PRODUCT = YES;
			};
			name = Release;
		};
		3E2E74FF2BEE0F000004DC7B /* Debug */ = {
			isa = XCBuildConfiguration;
			buildSettings = {
				ASSETCATALOG_COMPILER_APPICON_NAME = AppIcon;
				ASSETCATALOG_COMPILER_GLOBAL_ACCENT_COLOR_NAME = AccentColor;
				CODE_SIGN_STYLE = Automatic;
				CURRENT_PROJECT_VERSION = 1;
				DEVELOPMENT_ASSET_PATHS = "\"KisilerUygulamasi/Preview Content\"";
				DEVELOPMENT_TEAM = CW53ZG3J88;
				ENABLE_PREVIEWS = YES;
				GENERATE_INFOPLIST_FILE = YES;
				INFOPLIST_FILE = KisilerUygulamasi/Info.plist;
				INFOPLIST_KEY_UIApplicationSceneManifest_Generation = YES;
				INFOPLIST_KEY_UIApplicationSupportsIndirectInputEvents = YES;
				INFOPLIST_KEY_UILaunchScreen_Generation = YES;
				INFOPLIST_KEY_UISupportedInterfaceOrientations_iPad = "UIInterfaceOrientationPortrait UIInterfaceOrientationPortraitUpsideDown UIInterfaceOrientationLandscapeLeft UIInterfaceOrientationLandscapeRight";
				INFOPLIST_KEY_UISupportedInterfaceOrientations_iPhone = "UIInterfaceOrientationPortrait UIInterfaceOrientationLandscapeLeft UIInterfaceOrientationLandscapeRight";
				LD_RUNPATH_SEARCH_PATHS = (
					"$(inherited)",
					"@executable_path/Frameworks",
				);
				MARKETING_VERSION = 1.0;
				PRODUCT_BUNDLE_IDENTIFIER = com.MelihDural.KisilerUygulamasi;
				PRODUCT_NAME = "$(TARGET_NAME)";
				SWIFT_EMIT_LOC_STRINGS = YES;
				SWIFT_VERSION = 5.0;
				TARGETED_DEVICE_FAMILY = "1,2";
			};
			name = Debug;
		};
		3E2E75002BEE0F000004DC7B /* Release */ = {
			isa = XCBuildConfiguration;
			buildSettings = {
				ASSETCATALOG_COMPILER_APPICON_NAME = AppIcon;
				ASSETCATALOG_COMPILER_GLOBAL_ACCENT_COLOR_NAME = AccentColor;
				CODE_SIGN_STYLE = Automatic;
				CURRENT_PROJECT_VERSION = 1;
				DEVELOPMENT_ASSET_PATHS = "\"KisilerUygulamasi/Preview Content\"";
				DEVELOPMENT_TEAM = CW53ZG3J88;
				ENABLE_PREVIEWS = YES;
				GENERATE_INFOPLIST_FILE = YES;
				INFOPLIST_FILE = KisilerUygulamasi/Info.plist;
				INFOPLIST_KEY_UIApplicationSceneManifest_Generation = YES;
				INFOPLIST_KEY_UIApplicationSupportsIndirectInputEvents = YES;
				INFOPLIST_KEY_UILaunchScreen_Generation = YES;
				INFOPLIST_KEY_UISupportedInterfaceOrientations_iPad = "UIInterfaceOrientationPortrait UIInterfaceOrientationPortraitUpsideDown UIInterfaceOrientationLandscapeLeft UIInterfaceOrientationLandscapeRight";
				INFOPLIST_KEY_UISupportedInterfaceOrientations_iPhone = "UIInterfaceOrientationPortrait UIInterfaceOrientationLandscapeLeft UIInterfaceOrientationLandscapeRight";
				LD_RUNPATH_SEARCH_PATHS = (
					"$(inherited)",
					"@executable_path/Frameworks",
				);
				MARKETING_VERSION = 1.0;
				PRODUCT_BUNDLE_IDENTIFIER = com.MelihDural.KisilerUygulamasi;
				PRODUCT_NAME = "$(TARGET_NAME)";
				SWIFT_EMIT_LOC_STRINGS = YES;
				SWIFT_VERSION = 5.0;
				TARGETED_DEVICE_FAMILY = "1,2";
			};
			name = Release;
		};
/* End XCBuildConfiguration section */

/* Begin XCConfigurationList section */
		3E2E74EB2BEE0EFF0004DC7B /* Build configuration list for PBXProject "KisilerUygulamasi" */ = {
			isa = XCConfigurationList;
			buildConfigurations = (
				3E2E74FC2BEE0F000004DC7B /* Debug */,
				3E2E74FD2BEE0F000004DC7B /* Release */,
			);
			defaultConfigurationIsVisible = 0;
			defaultConfigurationName = Release;
		};
		3E2E74FE2BEE0F000004DC7B /* Build configuration list for PBXNativeTarget "KisilerUygulamasi" */ = {
			isa = XCConfigurationList;
			buildConfigurations = (
				3E2E74FF2BEE0F000004DC7B /* Debug */,
				3E2E75002BEE0F000004DC7B /* Release */,
			);
			defaultConfigurationIsVisible = 0;
			defaultConfigurationName = Release;
		};
/* End XCConfigurationList section */
	};
	rootObject = 3E2E74E82BEE0EFF0004DC7B /* Project object */;
}
